
Microsoft Visual Studio Solution File, Format Version 12.00
# Visual Studio Version 17
VisualStudioVersion = 17.4.33205.214
MinimumVisualStudioVersion = 10.0.40219.1
Project("{FAE04EC0-301F-11D3-BF4B-00C04F79EFBC}") = "N08_CSDLNC_QUANLYPHONGKHAMNHAKHOA", "N08_CSDLNC_QUANLYPHONGKHAMNHAKHOA\N08_CSDLNC_QUANLYPHONGKHAMNHAKHOA.csproj", "{12C3001C-227A-48AD-A11C-DC49F9DE3452}"
EndProject
Global
	GlobalSection(SolutionConfigurationPlatforms) = preSolution
		Debug|Any CPU = Debug|Any CPU
		Release|Any CPU = Release|Any CPU
	EndGlobalSection
	GlobalSection(ProjectConfigurationPlatforms) = postSolution
		{12C3001C-227A-48AD-A11C-DC49F9DE3452}.Debug|Any CPU.ActiveCfg = Debug|Any CPU
		{12C3001C-227A-48AD-A11C-DC49F9DE3452}.Debug|Any CPU.Build.0 = Debug|Any CPU
		{12C3001C-227A-48AD-A11C-DC49F9DE3452}.Release|Any CPU.ActiveCfg = Release|Any CPU
		{12C3001C-227A-48AD-A11C-DC49F9DE3452}.Release|Any CPU.Build.0 = Release|Any CPU
	EndGlobalSection
	GlobalSection(SolutionProperties) = preSolution
		HideSolutionNode = FALSE
	EndGlobalSection
	GlobalSection(ExtensibilityGlobals) = postSolution
		SolutionGuid = {F76DD73B-AAC7-4B9A-8622-ED21BE9D0E2D}
	EndGlobalSection
EndGlobal
